
Microsoft Visual Studio Solution File, Format Version 12.00
# Visual Studio Version 17
VisualStudioVersion = 17.0.31903.59
MinimumVisualStudioVersion = 10.0.40219.1
Project("{2150E333-8FDC-42A3-9474-1A3956D46DE8}") = "tests", "tests", "{0AB3BF05-4346-4AA6-1389-037BE0695223}"
EndProject
Project("{FAE04EC0-301F-11D3-BF4B-00C04F79EFBC}") = "HostCraft.Infrastructure.Tests", "tests\HostCraft.Infrastructure.Tests\HostCraft.Infrastructure.Tests.csproj", "{7D005805-8063-43B5-BDCF-E703B7A0221A}"
EndProject
Project("{2150E333-8FDC-42A3-9474-1A3956D46DE8}") = "src", "src", "{827E0CD3-B72D-47B6-A68D-7590B98EB39B}"
EndProject
Project("{FAE04EC0-301F-11D3-BF4B-00C04F79EFBC}") = "HostCraft.Core", "src\HostCraft.Core\HostCraft.Core.csproj", "{50403156-44F3-4E15-AB46-7A41149FC63B}"
EndProject
Project("{FAE04EC0-301F-11D3-BF4B-00C04F79EFBC}") = "HostCraft.Infrastructure", "src\HostCraft.Infrastructure\HostCraft.Infrastructure.csproj", "{41A1F822-75F4-4C70-BDD3-451BF33AE72E}"
EndProject
Project("{FAE04EC0-301F-11D3-BF4B-00C04F79EFBC}") = "HostCraft.Api.Tests", "tests\HostCraft.Api.Tests\HostCraft.Api.Tests.csproj", "{E3743F38-6791-4601-8985-7EDA643EA8D2}"
EndProject
Project("{FAE04EC0-301F-11D3-BF4B-00C04F79EFBC}") = "HostCraft.Api", "src\HostCraft.Api\HostCraft.Api.csproj", "{41969D87-84C9-46E3-88C1-DFFF0D5C9183}"
EndProject
Global
	GlobalSection(SolutionConfigurationPlatforms) = preSolution
		Debug|Any CPU = Debug|Any CPU
		Debug|x64 = Debug|x64
		Debug|x86 = Debug|x86
		Release|Any CPU = Release|Any CPU
		Release|x64 = Release|x64
		Release|x86 = Release|x86
	EndGlobalSection
	GlobalSection(ProjectConfigurationPlatforms) = postSolution
		{7D005805-8063-43B5-BDCF-E703B7A0221A}.Debug|Any CPU.ActiveCfg = Debug|Any CPU
		{7D005805-8063-43B5-BDCF-E703B7A0221A}.Debug|Any CPU.Build.0 = Debug|Any CPU
		{7D005805-8063-43B5-BDCF-E703B7A0221A}.Debug|x64.ActiveCfg = Debug|Any CPU
		{7D005805-8063-43B5-BDCF-E703B7A0221A}.Debug|x64.Build.0 = Debug|Any CPU
		{7D005805-8063-43B5-BDCF-E703B7A0221A}.Debug|x86.ActiveCfg = Debug|Any CPU
		{7D005805-8063-43B5-BDCF-E703B7A0221A}.Debug|x86.Build.0 = Debug|Any CPU
		{7D005805-8063-43B5-BDCF-E703B7A0221A}.Release|Any CPU.ActiveCfg = Release|Any CPU
		{7D005805-8063-43B5-BDCF-E703B7A0221A}.Release|Any CPU.Build.0 = Release|Any CPU
		{7D005805-8063-43B5-BDCF-E703B7A0221A}.Release|x64.ActiveCfg = Release|Any CPU
		{7D005805-8063-43B5-BDCF-E703B7A0221A}.Release|x64.Build.0 = Release|Any CPU
		{7D005805-8063-43B5-BDCF-E703B7A0221A}.Release|x86.ActiveCfg = Release|Any CPU
		{7D005805-8063-43B5-BDCF-E703B7A0221A}.Release|x86.Build.0 = Release|Any CPU
		{50403156-44F3-4E15-AB46-7A41149FC63B}.Debug|Any CPU.ActiveCfg = Debug|Any CPU
		{50403156-44F3-4E15-AB46-7A41149FC63B}.Debug|Any CPU.Build.0 = Debug|Any CPU
		{50403156-44F3-4E15-AB46-7A41149FC63B}.Debug|x64.ActiveCfg = Debug|Any CPU
		{50403156-44F3-4E15-AB46-7A41149FC63B}.Debug|x64.Build.0 = Debug|Any CPU
		{50403156-44F3-4E15-AB46-7A41149FC63B}.Debug|x86.ActiveCfg = Debug|Any CPU
		{50403156-44F3-4E15-AB46-7A41149FC63B}.Debug|x86.Build.0 = Debug|Any CPU
		{50403156-44F3-4E15-AB46-7A41149FC63B}.Release|Any CPU.ActiveCfg = Release|Any CPU
		{50403156-44F3-4E15-AB46-7A41149FC63B}.Release|Any CPU.Build.0 = Release|Any CPU
		{50403156-44F3-4E15-AB46-7A41149FC63B}.Release|x64.ActiveCfg = Release|Any CPU
		{50403156-44F3-4E15-AB46-7A41149FC63B}.Release|x64.Build.0 = Release|Any CPU
		{50403156-44F3-4E15-AB46-7A41149FC63B}.Release|x86.ActiveCfg = Release|Any CPU
		{50403156-44F3-4E15-AB46-7A41149FC63B}.Release|x86.Build.0 = Release|Any CPU
		{41A1F822-75F4-4C70-BDD3-451BF33AE72E}.Debug|Any CPU.ActiveCfg = Debug|Any CPU
		{41A1F822-75F4-4C70-BDD3-451BF33AE72E}.Debug|Any CPU.Build.0 = Debug|Any CPU
		{41A1F822-75F4-4C70-BDD3-451BF33AE72E}.Debug|x64.ActiveCfg = Debug|Any CPU
		{41A1F822-75F4-4C70-BDD3-451BF33AE72E}.Debug|x64.Build.0 = Debug|Any CPU
		{41A1F822-75F4-4C70-BDD3-451BF33AE72E}.Debug|x86.ActiveCfg = Debug|Any CPU
		{41A1F822-75F4-4C70-BDD3-451BF33AE72E}.Debug|x86.Build.0 = Debug|Any CPU
		{41A1F822-75F4-4C70-BDD3-451BF33AE72E}.Release|Any CPU.ActiveCfg = Release|Any CPU
		{41A1F822-75F4-4C70-BDD3-451BF33AE72E}.Release|Any CPU.Build.0 = Release|Any CPU
		{41A1F822-75F4-4C70-BDD3-451BF33AE72E}.Release|x64.ActiveCfg = Release|Any CPU
		{41A1F822-75F4-4C70-BDD3-451BF33AE72E}.Release|x64.Build.0 = Release|Any CPU
		{41A1F822-75F4-4C70-BDD3-451BF33AE72E}.Release|x86.ActiveCfg = Release|Any CPU
		{41A1F822-75F4-4C70-BDD3-451BF33AE72E}.Release|x86.Build.0 = Release|Any CPU
		{E3743F38-6791-4601-8985-7EDA643EA8D2}.Debug|Any CPU.ActiveCfg = Debug|Any CPU
		{E3743F38-6791-4601-8985-7EDA643EA8D2}.Debug|Any CPU.Build.0 = Debug|Any CPU
		{E3743F38-6791-4601-8985-7EDA643EA8D2}.Debug|x64.ActiveCfg = Debug|Any CPU
		{E3743F38-6791-4601-8985-7EDA643EA8D2}.Debug|x64.Build.0 = Debug|Any CPU
		{E3743F38-6791-4601-8985-7EDA643EA8D2}.Debug|x86.ActiveCfg = Debug|Any CPU
		{E3743F38-6791-4601-8985-7EDA643EA8D2}.Debug|x86.Build.0 = Debug|Any CPU
		{E3743F38-6791-4601-8985-7EDA643EA8D2}.Release|Any CPU.ActiveCfg = Release|Any CPU
		{E3743F38-6791-4601-8985-7EDA643EA8D2}.Release|Any CPU.Build.0 = Release|Any CPU
		{E3743F38-6791-4601-8985-7EDA643EA8D2}.Release|x64.ActiveCfg = Release|Any CPU
		{E3743F38-6791-4601-8985-7EDA643EA8D2}.Release|x64.Build.0 = Release|Any CPU
		{E3743F38-6791-4601-8985-7EDA643EA8D2}.Release|x86.ActiveCfg = Release|Any CPU
		{E3743F38-6791-4601-8985-7EDA643EA8D2}.Release|x86.Build.0 = Release|Any CPU
		{41969D87-84C9-46E3-88C1-DFFF0D5C9183}.Debug|Any CPU.ActiveCfg = Debug|Any CPU
		{41969D87-84C9-46E3-88C1-DFFF0D5C9183}.Debug|Any CPU.Build.0 = Debug|Any CPU
		{41969D87-84C9-46E3-88C1-DFFF0D5C9183}.Debug|x64.ActiveCfg = Debug|Any CPU
		{41969D87-84C9-46E3-88C1-DFFF0D5C9183}.Debug|x64.Build.0 = Debug|Any CPU
		{41969D87-84C9-46E3-88C1-DFFF0D5C9183}.Debug|x86.ActiveCfg = Debug|Any CPU
		{41969D87-84C9-46E3-88C1-DFFF0D5C9183}.Debug|x86.Build.0 = Debug|Any CPU
		{41969D87-84C9-46E3-88C1-DFFF0D5C9183}.Release|Any CPU.ActiveCfg = Release|Any CPU
		{41969D87-84C9-46E3-88C1-DFFF0D5C9183}.Release|Any CPU.Build.0 = Release|Any CPU
		{41969D87-84C9-46E3-88C1-DFFF0D5C9183}.Release|x64.ActiveCfg = Release|Any CPU
		{41969D87-84C9-46E3-88C1-DFFF0D5C9183}.Release|x64.Build.0 = Release|Any CPU
		{41969D87-84C9-46E3-88C1-DFFF0D5C9183}.Release|x86.ActiveCfg = Release|Any CPU
		{41969D87-84C9-46E3-88C1-DFFF0D5C9183}.Release|x86.Build.0 = Release|Any CPU
	EndGlobalSection
	GlobalSection(SolutionProperties) = preSolution
		HideSolutionNode = FALSE
	EndGlobalSection
	GlobalSection(NestedProjects) = preSolution
		{7D005805-8063-43B5-BDCF-E703B7A0221A} = {0AB3BF05-4346-4AA6-1389-037BE0695223}
		{50403156-44F3-4E15-AB46-7A41149FC63B} = {827E0CD3-B72D-47B6-A68D-7590B98EB39B}
		{41A1F822-75F4-4C70-BDD3-451BF33AE72E} = {827E0CD3-B72D-47B6-A68D-7590B98EB39B}
		{E3743F38-6791-4601-8985-7EDA643EA8D2} = {0AB3BF05-4346-4AA6-1389-037BE0695223}
		{41969D87-84C9-46E3-88C1-DFFF0D5C9183} = {827E0CD3-B72D-47B6-A68D-7590B98EB39B}
	EndGlobalSection
EndGlobal
